speakeasyVersion: 1.525.2
sources:
    Gusto-OAS:
        sourceNamespace: gusto-oas
        sourceRevisionDigest: sha256:f496f3eb19497c76a15c513d8d9bd63267b111b8d2d9323dd5db31e3a88d7a7c
        sourceBlobDigest: sha256:b3854a04f8b9523ddc2272bfe88ea19a9293abea39478dd20074ba6fb76d047a
        tags:
            - latest
            - speakeasy-sdk-regen-1741651617
            - "2024-04-01"
targets:
    gusto:
        source: Gusto-OAS
        sourceNamespace: gusto-oas
        sourceRevisionDigest: sha256:f496f3eb19497c76a15c513d8d9bd63267b111b8d2d9323dd5db31e3a88d7a7c
        sourceBlobDigest: sha256:b3854a04f8b9523ddc2272bfe88ea19a9293abea39478dd20074ba6fb76d047a
        codeSamplesNamespace: gusto-oas-csharp-code-samples
        codeSamplesRevisionDigest: sha256:b4db62e40b9e5cb641deb82d5b3dac8813f01b2d5888d621ab7b4025cf5d2c3d
workflow:
    workflowVersion: 1.0.0
    speakeasyVersion: latest
    sources:
        Gusto-OAS:
            inputs:
                - location: https://raw.githubusercontent.com/Gusto/Gusto-Partner-API/refs/heads/main/generated/embedded/api.v2024-04-01.embedded.yaml
                  authHeader: Authorization
                  authSecret: $openapi_doc_auth_token
            overlays:
                - location: https://raw.githubusercontent.com/Gusto/Gusto-Partner-API/refs/heads/main/.speakeasy/speakeasy-modifications-overlay.yaml
                  authHeader: Authorization
                  authSecret: $openapi_doc_auth_token
                - location: gusto_embedded/.speakeasy/speakeasy-modifications-overlay.yaml
            registry:
                location: registry.speakeasyapi.dev/gusto/ruby-sdk/gusto-oas
    targets:
        gusto:
            target: csharp
            source: Gusto-OAS
            output: ./gusto_embedded
            publish:
                nuget:
                    apiKey: $nuget_api_key
            codeSamples:
                registry:
                    location: registry.speakeasyapi.dev/gusto/ruby-sdk/gusto-oas-csharp-code-samples
                labelOverride:
                    fixedValue: Csharp (SDK)
                blocking: false
