speakeasyVersion: 1.509.1
sources:
    Gusto-OAS:
        sourceNamespace: gusto-oas
        sourceRevisionDigest: sha256:8e9d44bfe1dd721cbd4e32fc66b220ab90fbd8d68d04dc01edaa5af6ba13d7c7
        sourceBlobDigest: sha256:829cc5edf22d460b46e7afc152ca5ea2013e525b0a9106964862d90ce1d47279
        tags:
            - latest
            - speakeasy-sdk-regen-1741109660
            - "2024-04-01"
targets:
    gusto:
        source: Gusto-OAS
        sourceNamespace: gusto-oas
        sourceRevisionDigest: sha256:8e9d44bfe1dd721cbd4e32fc66b220ab90fbd8d68d04dc01edaa5af6ba13d7c7
        sourceBlobDigest: sha256:829cc5edf22d460b46e7afc152ca5ea2013e525b0a9106964862d90ce1d47279
        codeSamplesNamespace: gusto-oas-csharp-code-samples
        codeSamplesRevisionDigest: sha256:b257f423ca8fe5bd1c1e2e3dcf26862501a3e879ce5a35a0c4945195985a833d
workflow:
    workflowVersion: 1.0.0
    speakeasyVersion: latest
    sources:
        Gusto-OAS:
            inputs:
                - location: https://raw.githubusercontent.com/Gusto/Gusto-Partner-API/refs/heads/main/generated/embedded/api.v2024-04-01.embedded.yaml
                  authHeader: Authorization
                  authSecret: $openapi_doc_auth_token
            overlays:
                - location: https://raw.githubusercontent.com/Gusto/Gusto-Partner-API/refs/heads/main/.speakeasy/speakeasy-modifications-overlay.yaml
                  authHeader: Authorization
                  authSecret: $openapi_doc_auth_token
                - location: gusto_embedded/.speakeasy/speakeasy-modifications-overlay.yaml
            registry:
                location: registry.speakeasyapi.dev/gusto/ruby-sdk/gusto-oas
    targets:
        gusto:
            target: csharp
            source: Gusto-OAS
            output: ./gusto_embedded
            publish:
                nuget:
                    apiKey: $nuget_api_key
            codeSamples:
                registry:
                    location: registry.speakeasyapi.dev/gusto/ruby-sdk/gusto-oas-csharp-code-samples
                labelOverride:
                    fixedValue: Csharp (SDK)
                blocking: false
