speakeasyVersion: 1.522.0
sources:
    Gusto-OAS:
        sourceNamespace: gusto-oas
        sourceRevisionDigest: sha256:879e06b86342282f1dae2d8bdec29b4d3fea92f5160c82957014157944d0fca4
        sourceBlobDigest: sha256:ee3442df76f04d92d8c20000e60236dec06427573a0151d087b6eb319d0bdf34
        tags:
            - latest
            - speakeasy-sdk-regen-1741651617
            - "2024-04-01"
targets:
    gusto:
        source: Gusto-OAS
        sourceNamespace: gusto-oas
        sourceRevisionDigest: sha256:879e06b86342282f1dae2d8bdec29b4d3fea92f5160c82957014157944d0fca4
        sourceBlobDigest: sha256:ee3442df76f04d92d8c20000e60236dec06427573a0151d087b6eb319d0bdf34
        codeSamplesNamespace: gusto-oas-csharp-code-samples
        codeSamplesRevisionDigest: sha256:8b479a320fcb141ce9f95bd7a5e148d86529f33b3b531ee5bc9312f6d79e5f2c
workflow:
    workflowVersion: 1.0.0
    speakeasyVersion: latest
    sources:
        Gusto-OAS:
            inputs:
                - location: https://raw.githubusercontent.com/Gusto/Gusto-Partner-API/refs/heads/main/generated/embedded/api.v2024-04-01.embedded.yaml
                  authHeader: Authorization
                  authSecret: $openapi_doc_auth_token
            overlays:
                - location: https://raw.githubusercontent.com/Gusto/Gusto-Partner-API/refs/heads/main/.speakeasy/speakeasy-modifications-overlay.yaml
                  authHeader: Authorization
                  authSecret: $openapi_doc_auth_token
                - location: gusto_embedded/.speakeasy/speakeasy-modifications-overlay.yaml
            registry:
                location: registry.speakeasyapi.dev/gusto/ruby-sdk/gusto-oas
    targets:
        gusto:
            target: csharp
            source: Gusto-OAS
            output: ./gusto_embedded
            publish:
                nuget:
                    apiKey: $nuget_api_key
            codeSamples:
                registry:
                    location: registry.speakeasyapi.dev/gusto/ruby-sdk/gusto-oas-csharp-code-samples
                labelOverride:
                    fixedValue: Csharp (SDK)
                blocking: false
